
Microsoft Visual Studio Solution File, Format Version 12.00
# Visual Studio Version 16
VisualStudioVersion = 16.0.29728.190
MinimumVisualStudioVersion = 10.0.40219.1
Project("{FAE04EC0-301F-11D3-BF4B-00C04F79EFBC}") = "LibraryManagement", "LibraryManagement.csproj", "{F578F37C-AF22-40BC-89A9-55580B3FCF05}"
EndProject
Global
	GlobalSection(SolutionConfigurationPlatforms) = preSolution
		Debug|Any CPU = Debug|Any CPU
		Release|Any CPU = Release|Any CPU
	EndGlobalSection
	GlobalSection(ProjectConfigurationPlatforms) = postSolution
		{F578F37C-AF22-40BC-89A9-55580B3FCF05}.Debug|Any CPU.ActiveCfg = Debug|Any CPU
		{F578F37C-AF22-40BC-89A9-55580B3FCF05}.Debug|Any CPU.Build.0 = Debug|Any CPU
		{F578F37C-AF22-40BC-89A9-55580B3FCF05}.Release|Any CPU.ActiveCfg = Release|Any CPU
		{F578F37C-AF22-40BC-89A9-55580B3FCF05}.Release|Any CPU.Build.0 = Release|Any CPU
	EndGlobalSection
	GlobalSection(SolutionProperties) = preSolution
		HideSolutionNode = FALSE
	EndGlobalSection
	GlobalSection(ExtensibilityGlobals) = postSolution
		SolutionGuid = {C8C22F92-6840-4999-A243-DB918AD558BB}
	EndGlobalSection
EndGlobal
